{
  "name": "commercetools-b2b-machinery-store2",
  "lockfileVersion": 3,
  "requires": true,
  "packages": {
    "": {
      "dependencies": {
        "@commercetools/sdk-client": "^4.0.1",
        "@commercetools/sdk-middleware-auth": "^8.0.1",
        "@commercetools/sdk-middleware-http": "^8.0.1"
      }
    },
    "node_modules/@commercetools/sdk-client": {
      "version": "4.0.1",
      "resolved": "https://registry.npmjs.org/@commercetools/sdk-client/-/sdk-client-4.0.1.tgz",
      "integrity": "sha512-uwdHJOGH7c3P8K7S1QmhTkTh/HL9BFdoE1AhuQK5kMpMZbtS+UewS1pRPov+Xzz0eLqMTJvTJLsa1QEWlx5XuA==",
      "engines": {
        "node": ">=18"
      }
    },
    "node_modules/@commercetools/sdk-middleware-auth": {
      "version": "8.0.1",
      "resolved": "https://registry.npmjs.org/@commercetools/sdk-middleware-auth/-/sdk-middleware-auth-8.0.1.tgz",
      "integrity": "sha512-0Z5MA2pmUSRHASGbWIdWaN0SSa5MmieP9IExRmsxAtHggPVA1H+2ArmXx9J2wWcgW0DbnKnsUvW+MywNVJuyVA==",
      "dependencies": {
        "@commercetools/sdk-middleware-http": "8.0.1",
        "node-fetch": "^2.6.7"
      },
      "engines": {
        "node": ">=18"
      }
    },
    "node_modules/@commercetools/sdk-middleware-http": {
      "version": "8.0.1",
      "resolved": "https://registry.npmjs.org/@commercetools/sdk-middleware-http/-/sdk-middleware-http-8.0.1.tgz",
      "integrity": "sha512-YJSClprQY5xaXB24FHrYIRI0HZdhYNIEcAZb2GBhCpuIcFAnfnGrhLCzUmxVT68t3x2F4fftSxLEs/hHW0ksjA==",
      "engines": {
        "node": ">=18"
      }
    },
    "node_modules/node-fetch": {
      "version": "2.7.0",
      "resolved": "https://registry.npmjs.org/node-fetch/-/node-fetch-2.7.0.tgz",
      "integrity": "sha512-c4FRfUm/dbcWZ7U+1Wq0AwCyFL+3nt2bEw05wfxSz+DWpWsitgmSgYmy2dQdWyKC1694ELPqMs/YzUSNozLt8A==",
      "dependencies": {
        "whatwg-url": "^5.0.0"
      },
      "engines": {
        "node": "4.x || >=6.0.0"
      },
      "peerDependencies": {
        "encoding": "^0.1.0"
      },
      "peerDependenciesMeta": {
        "encoding": {
          "optional": true
        }
      }
    },
    "node_modules/tr46": {
      "version": "0.0.3",
      "resolved": "https://registry.npmjs.org/tr46/-/tr46-0.0.3.tgz",
      "integrity": "sha512-N3WMsuqV66lT30CrXNbEjx4GEwlow3v6rr4mCcv6prnfwhS01rkgyFdjPNBYd9br7LpXV1+Emh01fHnq2Gdgrw=="
    },
    "node_modules/webidl-conversions": {
      "version": "3.0.1",
      "resolved": "https://registry.npmjs.org/webidl-conversions/-/webidl-conversions-3.0.1.tgz",
      "integrity": "sha512-2JAn3z8AR6rjK8Sm8orRC0h/bcl/DqL7tRPdGZ4I1CjdF+EaMLmYxBHyXuKL849eucPFhvBoxMsflfOb8kxaeQ=="
    },
    "node_modules/whatwg-url": {
      "version": "5.0.0",
      "resolved": "https://registry.npmjs.org/whatwg-url/-/whatwg-url-5.0.0.tgz",
      "integrity": "sha512-saE57nupxk6v3HY35+jzBwYa0rKSy0XR8JSxZPwgLr7ys0IBzhGviA1/TUGJLmSVqs8pb9AnvICXEuOHLprYTw==",
      "dependencies": {
        "tr46": "~0.0.3",
        "webidl-conversions": "^3.0.0"
      }
    }
  }
}
